
Microsoft Visual Studio Solution File, Format Version 12.00
# Visual Studio Version 17
VisualStudioVersion = 17.2.32526.322
MinimumVisualStudioVersion = 10.0.40219.1
Project("{FAE04EC0-301F-11D3-BF4B-00C04F79EFBC}") = "EditorialDomain", "EditorialDomain\EditorialDomain.csproj", "{9FAC295A-0778-4600-9A26-BA467FEB3DC3}"
EndProject
Project("{FAE04EC0-301F-11D3-BF4B-00C04F79EFBC}") = "EditorialData", "EditorialData\EditorialData.csproj", "{8463E0E5-7C25-435E-90A1-3C33489487DD}"
EndProject
Project("{FAE04EC0-301F-11D3-BF4B-00C04F79EFBC}") = "EditorialConsoleApp", "EditorialConsoleApp\EditorialConsoleApp.csproj", "{5BF5F638-CEA0-4D30-812D-A83CE2E1A85C}"
EndProject
Global
	GlobalSection(SolutionConfigurationPlatforms) = preSolution
		Debug|Any CPU = Debug|Any CPU
		Release|Any CPU = Release|Any CPU
	EndGlobalSection
	GlobalSection(ProjectConfigurationPlatforms) = postSolution
		{9FAC295A-0778-4600-9A26-BA467FEB3DC3}.Debug|Any CPU.ActiveCfg = Debug|Any CPU
		{9FAC295A-0778-4600-9A26-BA467FEB3DC3}.Debug|Any CPU.Build.0 = Debug|Any CPU
		{9FAC295A-0778-4600-9A26-BA467FEB3DC3}.Release|Any CPU.ActiveCfg = Release|Any CPU
		{9FAC295A-0778-4600-9A26-BA467FEB3DC3}.Release|Any CPU.Build.0 = Release|Any CPU
		{8463E0E5-7C25-435E-90A1-3C33489487DD}.Debug|Any CPU.ActiveCfg = Debug|Any CPU
		{8463E0E5-7C25-435E-90A1-3C33489487DD}.Debug|Any CPU.Build.0 = Debug|Any CPU
		{8463E0E5-7C25-435E-90A1-3C33489487DD}.Release|Any CPU.ActiveCfg = Release|Any CPU
		{8463E0E5-7C25-435E-90A1-3C33489487DD}.Release|Any CPU.Build.0 = Release|Any CPU
		{5BF5F638-CEA0-4D30-812D-A83CE2E1A85C}.Debug|Any CPU.ActiveCfg = Debug|Any CPU
		{5BF5F638-CEA0-4D30-812D-A83CE2E1A85C}.Debug|Any CPU.Build.0 = Debug|Any CPU
		{5BF5F638-CEA0-4D30-812D-A83CE2E1A85C}.Release|Any CPU.ActiveCfg = Release|Any CPU
		{5BF5F638-CEA0-4D30-812D-A83CE2E1A85C}.Release|Any CPU.Build.0 = Release|Any CPU
	EndGlobalSection
	GlobalSection(SolutionProperties) = preSolution
		HideSolutionNode = FALSE
	EndGlobalSection
	GlobalSection(ExtensibilityGlobals) = postSolution
		SolutionGuid = {DFB7CFE7-F02F-4821-B0AE-65485E4BF56D}
	EndGlobalSection
EndGlobal
